
Microsoft Visual Studio Solution File, Format Version 12.00
# Visual Studio Version 17
VisualStudioVersion = 17.9.34622.214
MinimumVisualStudioVersion = 10.0.40219.1
Project("{9A19103F-16F7-4668-BE54-9A1E7A4F7556}") = "Api", "GestaoReceitasApi\Api.csproj", "{E19C8806-6339-4F7A-9A0A-474A94B606D3}"
EndProject
Project("{FAE04EC0-301F-11D3-BF4B-00C04F79EFBC}") = "Domain", "..\Domain\Domain.csproj", "{E8266347-D188-494A-8456-2A0317D4EF98}"
EndProject
Project("{FAE04EC0-301F-11D3-BF4B-00C04F79EFBC}") = "Infrastructure", "..\Infrastructure\Infrastructure.csproj", "{7EF99A09-4CC1-4D85-A6BF-F7176E35189F}"
EndProject
Global
	GlobalSection(SolutionConfigurationPlatforms) = preSolution
		Debug|Any CPU = Debug|Any CPU
		Release|Any CPU = Release|Any CPU
	EndGlobalSection
	GlobalSection(ProjectConfigurationPlatforms) = postSolution
		{E19C8806-6339-4F7A-9A0A-474A94B606D3}.Debug|Any CPU.ActiveCfg = Debug|Any CPU
		{E19C8806-6339-4F7A-9A0A-474A94B606D3}.Debug|Any CPU.Build.0 = Debug|Any CPU
		{E19C8806-6339-4F7A-9A0A-474A94B606D3}.Release|Any CPU.ActiveCfg = Release|Any CPU
		{E19C8806-6339-4F7A-9A0A-474A94B606D3}.Release|Any CPU.Build.0 = Release|Any CPU
		{E8266347-D188-494A-8456-2A0317D4EF98}.Debug|Any CPU.ActiveCfg = Debug|Any CPU
		{E8266347-D188-494A-8456-2A0317D4EF98}.Debug|Any CPU.Build.0 = Debug|Any CPU
		{E8266347-D188-494A-8456-2A0317D4EF98}.Release|Any CPU.ActiveCfg = Release|Any CPU
		{E8266347-D188-494A-8456-2A0317D4EF98}.Release|Any CPU.Build.0 = Release|Any CPU
		{7EF99A09-4CC1-4D85-A6BF-F7176E35189F}.Debug|Any CPU.ActiveCfg = Debug|Any CPU
		{7EF99A09-4CC1-4D85-A6BF-F7176E35189F}.Debug|Any CPU.Build.0 = Debug|Any CPU
		{7EF99A09-4CC1-4D85-A6BF-F7176E35189F}.Release|Any CPU.ActiveCfg = Release|Any CPU
		{7EF99A09-4CC1-4D85-A6BF-F7176E35189F}.Release|Any CPU.Build.0 = Release|Any CPU
	EndGlobalSection
	GlobalSection(SolutionProperties) = preSolution
		HideSolutionNode = FALSE
	EndGlobalSection
	GlobalSection(ExtensibilityGlobals) = postSolution
		SolutionGuid = {506DF67D-E3CB-4DC8-B322-046CF918C843}
	EndGlobalSection
EndGlobal
